
Microsoft Visual Studio Solution File, Format Version 12.00
# Visual Studio 15
VisualStudioVersion = 15.0.28010.2046
MinimumVisualStudioVersion = 10.0.40219.1
Project("{FAE04EC0-301F-11D3-BF4B-00C04F79EFBC}") = "CS447", "CS447\CS447.csproj", "{6C03793F-3122-4495-BCDA-D24F9E75C093}"
EndProject
Global
	GlobalSection(SolutionConfigurationPlatforms) = preSolution
		Debug|Any CPU = Debug|Any CPU
		Release|Any CPU = Release|Any CPU
	EndGlobalSection
	GlobalSection(ProjectConfigurationPlatforms) = postSolution
		{6C03793F-3122-4495-BCDA-D24F9E75C093}.Debug|Any CPU.ActiveCfg = Debug|Any CPU
		{6C03793F-3122-4495-BCDA-D24F9E75C093}.Debug|Any CPU.Build.0 = Debug|Any CPU
		{6C03793F-3122-4495-BCDA-D24F9E75C093}.Release|Any CPU.ActiveCfg = Release|Any CPU
		{6C03793F-3122-4495-BCDA-D24F9E75C093}.Release|Any CPU.Build.0 = Release|Any CPU
	EndGlobalSection
	GlobalSection(SolutionProperties) = preSolution
		HideSolutionNode = FALSE
	EndGlobalSection
	GlobalSection(ExtensibilityGlobals) = postSolution
		SolutionGuid = {5EAA157B-0CE7-496D-9EAC-E0E40F33B627}
	EndGlobalSection
EndGlobal
